
Microsoft Visual Studio Solution File, Format Version 12.00
# Visual Studio Version 16
VisualStudioVersion = 16.0.31624.102
MinimumVisualStudioVersion = 10.0.40219.1
Project("{FAE04EC0-301F-11D3-BF4B-00C04F79EFBC}") = "ContainerVervoer.Presentation", "ContainerVervoer.Presentation\ContainerVervoer.Presentation.csproj", "{C3E267B1-52CD-414E-BC93-897494085A17}"
EndProject
Project("{FAE04EC0-301F-11D3-BF4B-00C04F79EFBC}") = "ContainerVervoer.Logic", "ContainerVervoer.Logic\ContainerVervoer.Logic.csproj", "{78873D76-95BD-492A-8EC8-8ADD3097340C}"
EndProject
Project("{FAE04EC0-301F-11D3-BF4B-00C04F79EFBC}") = "ContainerVervoer.TestProject", "ContainerVervoer.TestProject\ContainerVervoer.TestProject.csproj", "{CF54FCDC-E7C7-48A0-8C37-B67B5C4158C2}"
EndProject
Global
	GlobalSection(SolutionConfigurationPlatforms) = preSolution
		Debug|Any CPU = Debug|Any CPU
		Release|Any CPU = Release|Any CPU
	EndGlobalSection
	GlobalSection(ProjectConfigurationPlatforms) = postSolution
		{C3E267B1-52CD-414E-BC93-897494085A17}.Debug|Any CPU.ActiveCfg = Debug|Any CPU
		{C3E267B1-52CD-414E-BC93-897494085A17}.Debug|Any CPU.Build.0 = Debug|Any CPU
		{C3E267B1-52CD-414E-BC93-897494085A17}.Release|Any CPU.ActiveCfg = Release|Any CPU
		{C3E267B1-52CD-414E-BC93-897494085A17}.Release|Any CPU.Build.0 = Release|Any CPU
		{78873D76-95BD-492A-8EC8-8ADD3097340C}.Debug|Any CPU.ActiveCfg = Debug|Any CPU
		{78873D76-95BD-492A-8EC8-8ADD3097340C}.Debug|Any CPU.Build.0 = Debug|Any CPU
		{78873D76-95BD-492A-8EC8-8ADD3097340C}.Release|Any CPU.ActiveCfg = Release|Any CPU
		{78873D76-95BD-492A-8EC8-8ADD3097340C}.Release|Any CPU.Build.0 = Release|Any CPU
		{CF54FCDC-E7C7-48A0-8C37-B67B5C4158C2}.Debug|Any CPU.ActiveCfg = Debug|Any CPU
		{CF54FCDC-E7C7-48A0-8C37-B67B5C4158C2}.Debug|Any CPU.Build.0 = Debug|Any CPU
		{CF54FCDC-E7C7-48A0-8C37-B67B5C4158C2}.Release|Any CPU.ActiveCfg = Release|Any CPU
		{CF54FCDC-E7C7-48A0-8C37-B67B5C4158C2}.Release|Any CPU.Build.0 = Release|Any CPU
	EndGlobalSection
	GlobalSection(SolutionProperties) = preSolution
		HideSolutionNode = FALSE
	EndGlobalSection
	GlobalSection(ExtensibilityGlobals) = postSolution
		SolutionGuid = {CED46970-2155-4FB9-AC2B-5F92DB98D266}
	EndGlobalSection
EndGlobal
