
Microsoft Visual Studio Solution File, Format Version 12.00
# Visual Studio Version 16
VisualStudioVersion = 16.0.32002.261
MinimumVisualStudioVersion = 10.0.40219.1
Project("{FAE04EC0-301F-11D3-BF4B-00C04F79EFBC}") = "SquareRPG", "SquareRPG\SquareRPG.csproj", "{61375A81-C9D0-4A55-9DBB-9CDF4424B88B}"
EndProject
Project("{FAE04EC0-301F-11D3-BF4B-00C04F79EFBC}") = "Logic", "Logic\Logic.csproj", "{8C8A8D42-8688-4215-93BC-9D131660486B}"
EndProject
Global
	GlobalSection(SolutionConfigurationPlatforms) = preSolution
		Debug|Any CPU = Debug|Any CPU
		Release|Any CPU = Release|Any CPU
	EndGlobalSection
	GlobalSection(ProjectConfigurationPlatforms) = postSolution
		{61375A81-C9D0-4A55-9DBB-9CDF4424B88B}.Debug|Any CPU.ActiveCfg = Debug|Any CPU
		{61375A81-C9D0-4A55-9DBB-9CDF4424B88B}.Debug|Any CPU.Build.0 = Debug|Any CPU
		{61375A81-C9D0-4A55-9DBB-9CDF4424B88B}.Release|Any CPU.ActiveCfg = Release|Any CPU
		{61375A81-C9D0-4A55-9DBB-9CDF4424B88B}.Release|Any CPU.Build.0 = Release|Any CPU
		{8C8A8D42-8688-4215-93BC-9D131660486B}.Debug|Any CPU.ActiveCfg = Debug|Any CPU
		{8C8A8D42-8688-4215-93BC-9D131660486B}.Debug|Any CPU.Build.0 = Debug|Any CPU
		{8C8A8D42-8688-4215-93BC-9D131660486B}.Release|Any CPU.ActiveCfg = Release|Any CPU
		{8C8A8D42-8688-4215-93BC-9D131660486B}.Release|Any CPU.Build.0 = Release|Any CPU
	EndGlobalSection
	GlobalSection(SolutionProperties) = preSolution
		HideSolutionNode = FALSE
	EndGlobalSection
	GlobalSection(ExtensibilityGlobals) = postSolution
		SolutionGuid = {2BA675FE-D925-439B-A3A1-C737553D50AE}
	EndGlobalSection
EndGlobal
