
Microsoft Visual Studio Solution File, Format Version 12.00
# Visual Studio Version 16
VisualStudioVersion = 16.0.31624.102
MinimumVisualStudioVersion = 10.0.40219.1
Project("{9A19103F-16F7-4668-BE54-9A1E7A4F7556}") = "PotionShop.Presentation", "DependencyInjection\PotionShop.Presentation.csproj", "{4C008EE1-B4D6-4716-867A-D5C37B8EB8EE}"
EndProject
Project("{FAE04EC0-301F-11D3-BF4B-00C04F79EFBC}") = "PotionShop.Logic", "PotionShop.Logic\PotionShop.Logic.csproj", "{020F4902-A759-4246-A629-7829E132CBD7}"
EndProject
Project("{FAE04EC0-301F-11D3-BF4B-00C04F79EFBC}") = "PotionShop.DAL", "PotionShop.Dal\PotionShop.DAL.csproj", "{1F47E71B-28CE-401A-B2A4-1A038C4ECB18}"
EndProject
Global
	GlobalSection(SolutionConfigurationPlatforms) = preSolution
		Debug|Any CPU = Debug|Any CPU
		Release|Any CPU = Release|Any CPU
	EndGlobalSection
	GlobalSection(ProjectConfigurationPlatforms) = postSolution
		{4C008EE1-B4D6-4716-867A-D5C37B8EB8EE}.Debug|Any CPU.ActiveCfg = Debug|Any CPU
		{4C008EE1-B4D6-4716-867A-D5C37B8EB8EE}.Debug|Any CPU.Build.0 = Debug|Any CPU
		{4C008EE1-B4D6-4716-867A-D5C37B8EB8EE}.Release|Any CPU.ActiveCfg = Release|Any CPU
		{4C008EE1-B4D6-4716-867A-D5C37B8EB8EE}.Release|Any CPU.Build.0 = Release|Any CPU
		{020F4902-A759-4246-A629-7829E132CBD7}.Debug|Any CPU.ActiveCfg = Debug|Any CPU
		{020F4902-A759-4246-A629-7829E132CBD7}.Debug|Any CPU.Build.0 = Debug|Any CPU
		{020F4902-A759-4246-A629-7829E132CBD7}.Release|Any CPU.ActiveCfg = Release|Any CPU
		{020F4902-A759-4246-A629-7829E132CBD7}.Release|Any CPU.Build.0 = Release|Any CPU
		{1F47E71B-28CE-401A-B2A4-1A038C4ECB18}.Debug|Any CPU.ActiveCfg = Debug|Any CPU
		{1F47E71B-28CE-401A-B2A4-1A038C4ECB18}.Debug|Any CPU.Build.0 = Debug|Any CPU
		{1F47E71B-28CE-401A-B2A4-1A038C4ECB18}.Release|Any CPU.ActiveCfg = Release|Any CPU
		{1F47E71B-28CE-401A-B2A4-1A038C4ECB18}.Release|Any CPU.Build.0 = Release|Any CPU
	EndGlobalSection
	GlobalSection(SolutionProperties) = preSolution
		HideSolutionNode = FALSE
	EndGlobalSection
	GlobalSection(ExtensibilityGlobals) = postSolution
		SolutionGuid = {CA6F45F1-576F-4D16-AC93-3D3A730B63DE}
	EndGlobalSection
EndGlobal
